// !$*UTF8*$!
{
	archiveVersion = 1;
	classes = {
	};
	objectVersion = 56;
	objects = {

/* Begin PBXBuildFile section */
		1B04C2402CAA5B6400C4A092 /* SearchProductsRemoteDataSource.swift in Sources */ = {isa = PBXBuildFile; fileRef = 1B04C23F2CAA5B6300C4A092 /* SearchProductsRemoteDataSource.swift */; };
		1B04C2422CAA5BEC00C4A092 /* DoubleUtil.swift in Sources */ = {isa = PBXBuildFile; fileRef = 1B04C2412CAA5BEC00C4A092 /* DoubleUtil.swift */; };
		1B04C2442CAA5C0500C4A092 /* EncodableUtil.swift in Sources */ = {isa = PBXBuildFile; fileRef = 1B04C2432CAA5C0500C4A092 /* EncodableUtil.swift */; };
		1B04C2462CAA5C1800C4A092 /* OsLogUtil.swift in Sources */ = {isa = PBXBuildFile; fileRef = 1B04C2452CAA5C1800C4A092 /* OsLogUtil.swift */; };
		1B04C2482CAA5D0A00C4A092 /* GridView.swift in Sources */ = {isa = PBXBuildFile; fileRef = 1B04C2472CAA5D0A00C4A092 /* GridView.swift */; };
		1B753FA12CAA1DAC0018FDD8 /* MeliChallengeApp.swift in Sources */ = {isa = PBXBuildFile; fileRef = 1B753FA02CAA1DAC0018FDD8 /* MeliChallengeApp.swift */; };
		1B753FA32CAA1DAC0018FDD8 /* ContentView.swift in Sources */ = {isa = PBXBuildFile; fileRef = 1B753FA22CAA1DAC0018FDD8 /* ContentView.swift */; };
		1B753FA52CAA1DAE0018FDD8 /* Assets.xcassets in Resources */ = {isa = PBXBuildFile; fileRef = 1B753FA42CAA1DAE0018FDD8 /* Assets.xcassets */; };
		1B753FA82CAA1DAE0018FDD8 /* Preview Assets.xcassets in Resources */ = {isa = PBXBuildFile; fileRef = 1B753FA72CAA1DAE0018FDD8 /* Preview Assets.xcassets */; };
		1B753FB22CAA1DAE0018FDD8 /* MeliChallengeTests.swift in Sources */ = {isa = PBXBuildFile; fileRef = 1B753FB12CAA1DAE0018FDD8 /* MeliChallengeTests.swift */; };
		1B753FBC2CAA1DAE0018FDD8 /* MeliChallengeUITests.swift in Sources */ = {isa = PBXBuildFile; fileRef = 1B753FBB2CAA1DAE0018FDD8 /* MeliChallengeUITests.swift */; };
		1B753FBE2CAA1DAE0018FDD8 /* MeliChallengeUITestsLaunchTests.swift in Sources */ = {isa = PBXBuildFile; fileRef = 1B753FBD2CAA1DAE0018FDD8 /* MeliChallengeUITestsLaunchTests.swift */; };
		1B753FCB2CAA22720018FDD8 /* SearcherView.swift in Sources */ = {isa = PBXBuildFile; fileRef = 1B753FCA2CAA22720018FDD8 /* SearcherView.swift */; };
		1B753FD32CAA24C00018FDD8 /* SearcherModel.swift in Sources */ = {isa = PBXBuildFile; fileRef = 1B753FD22CAA24C00018FDD8 /* SearcherModel.swift */; };
		1B753FDA2CAA44F60018FDD8 /* Request.swift in Sources */ = {isa = PBXBuildFile; fileRef = 1B753FD92CAA44F60018FDD8 /* Request.swift */; };
		1B753FDC2CAA45940018FDD8 /* SearcherHeaderView.swift in Sources */ = {isa = PBXBuildFile; fileRef = 1B753FDB2CAA45940018FDD8 /* SearcherHeaderView.swift */; };
		1B753FDF2CAA46EA0018FDD8 /* StringUtil.swift in Sources */ = {isa = PBXBuildFile; fileRef = 1B753FDE2CAA46EA0018FDD8 /* StringUtil.swift */; };
		1B753FE12CAA473A0018FDD8 /* ViewUtil.swift in Sources */ = {isa = PBXBuildFile; fileRef = 1B753FE02CAA473A0018FDD8 /* ViewUtil.swift */; };
		1B753FE32CAA47850018FDD8 /* TextFieldClearButton.swift in Sources */ = {isa = PBXBuildFile; fileRef = 1B753FE22CAA47850018FDD8 /* TextFieldClearButton.swift */; };
		1B753FE52CAA480A0018FDD8 /* SearchViewModel.swift in Sources */ = {isa = PBXBuildFile; fileRef = 1B753FE42CAA480A0018FDD8 /* SearchViewModel.swift */; };
		1B753FE82CAA4A4B0018FDD8 /* Networking.swift in Sources */ = {isa = PBXBuildFile; fileRef = 1B753FE72CAA4A4B0018FDD8 /* Networking.swift */; };
		1B753FEB2CAA4AB90018FDD8 /* SearcherProductsUseCase.swift in Sources */ = {isa = PBXBuildFile; fileRef = 1B753FEA2CAA4AB90018FDD8 /* SearcherProductsUseCase.swift */; };
		1B753FEF2CAA4B1E0018FDD8 /* ProducDetailModel.swift in Sources */ = {isa = PBXBuildFile; fileRef = 1B753FEE2CAA4B1E0018FDD8 /* ProducDetailModel.swift */; };
		1B753FF12CAA4C310018FDD8 /* ProductDescriptionModel.swift in Sources */ = {isa = PBXBuildFile; fileRef = 1B753FF02CAA4C310018FDD8 /* ProductDescriptionModel.swift */; };
		1B753FF42CAA4D640018FDD8 /* ProductDetailRepository.swift in Sources */ = {isa = PBXBuildFile; fileRef = 1B753FF32CAA4D640018FDD8 /* ProductDetailRepository.swift */; };
		1B753FF72CAA4DBE0018FDD8 /* ProducDetailUseCase.swift in Sources */ = {isa = PBXBuildFile; fileRef = 1B753FF62CAA4DBE0018FDD8 /* ProducDetailUseCase.swift */; };
		1B753FFA2CAA4E7F0018FDD8 /* ProductDetailView.swift in Sources */ = {isa = PBXBuildFile; fileRef = 1B753FF92CAA4E7F0018FDD8 /* ProductDetailView.swift */; };
		1B753FFC2CAA50370018FDD8 /* ProductDetailViewModel.swift in Sources */ = {isa = PBXBuildFile; fileRef = 1B753FFB2CAA50370018FDD8 /* ProductDetailViewModel.swift */; };
		1B753FFF2CAA50A90018FDD8 /* ProductDetailRemoteDataSource.swift in Sources */ = {isa = PBXBuildFile; fileRef = 1B753FFE2CAA50A90018FDD8 /* ProductDetailRemoteDataSource.swift */; };
		1B7540032CAA584F0018FDD8 /* ActivityInidicator.swift in Sources */ = {isa = PBXBuildFile; fileRef = 1B7540022CAA584F0018FDD8 /* ActivityInidicator.swift */; };
		1B7540052CAA58740018FDD8 /* SearchProductListCellView.swift in Sources */ = {isa = PBXBuildFile; fileRef = 1B7540042CAA58740018FDD8 /* SearchProductListCellView.swift */; };
		1B75400A2CAA5AC50018FDD8 /* SearchRepository.swift in Sources */ = {isa = PBXBuildFile; fileRef = 1B7540092CAA5AC50018FDD8 /* SearchRepository.swift */; };
/* End PBXBuildFile section */

/* Begin PBXContainerItemProxy section */
		1B753FAE2CAA1DAE0018FDD8 /* PBXContainerItemProxy */ = {
			isa = PBXContainerItemProxy;
			containerPortal = 1B753F952CAA1DAC0018FDD8 /* Project object */;
			proxyType = 1;
			remoteGlobalIDString = 1B753F9C2CAA1DAC0018FDD8;
			remoteInfo = MeliChallenge;
		};
		1B753FB82CAA1DAE0018FDD8 /* PBXContainerItemProxy */ = {
			isa = PBXContainerItemProxy;
			containerPortal = 1B753F952CAA1DAC0018FDD8 /* Project object */;
			proxyType = 1;
			remoteGlobalIDString = 1B753F9C2CAA1DAC0018FDD8;
			remoteInfo = MeliChallenge;
		};
/* End PBXContainerItemProxy section */

/* Begin PBXFileReference section */
		1B04C23F2CAA5B6300C4A092 /* SearchProductsRemoteDataSource.swift */ = {isa = PBXFileReference; lastKnownFileType = sourcecode.swift; path = SearchProductsRemoteDataSource.swift; sourceTree = "<group>"; };
		1B04C2412CAA5BEC00C4A092 /* DoubleUtil.swift */ = {isa = PBXFileReference; lastKnownFileType = sourcecode.swift; path = DoubleUtil.swift; sourceTree = "<group>"; };
		1B04C2432CAA5C0500C4A092 /* EncodableUtil.swift */ = {isa = PBXFileReference; lastKnownFileType = sourcecode.swift; path = EncodableUtil.swift; sourceTree = "<group>"; };
		1B04C2452CAA5C1800C4A092 /* OsLogUtil.swift */ = {isa = PBXFileReference; lastKnownFileType = sourcecode.swift; path = OsLogUtil.swift; sourceTree = "<group>"; };
		1B04C2472CAA5D0A00C4A092 /* GridView.swift */ = {isa = PBXFileReference; lastKnownFileType = sourcecode.swift; path = GridView.swift; sourceTree = "<group>"; };
		1B04C2492CAA6AC000C4A092 /* Info.plist */ = {isa = PBXFileReference; lastKnownFileType = text.plist; path = Info.plist; sourceTree = "<group>"; };
		1B753F9D2CAA1DAC0018FDD8 /* MeliChallenge.app */ = {isa = PBXFileReference; explicitFileType = wrapper.application; includeInIndex = 0; path = MeliChallenge.app; sourceTree = BUILT_PRODUCTS_DIR; };
		1B753FA02CAA1DAC0018FDD8 /* MeliChallengeApp.swift */ = {isa = PBXFileReference; lastKnownFileType = sourcecode.swift; path = MeliChallengeApp.swift; sourceTree = "<group>"; };
		1B753FA22CAA1DAC0018FDD8 /* ContentView.swift */ = {isa = PBXFileReference; lastKnownFileType = sourcecode.swift; path = ContentView.swift; sourceTree = "<group>"; };
		1B753FA42CAA1DAE0018FDD8 /* Assets.xcassets */ = {isa = PBXFileReference; lastKnownFileType = folder.assetcatalog; path = Assets.xcassets; sourceTree = "<group>"; };
		1B753FA72CAA1DAE0018FDD8 /* Preview Assets.xcassets */ = {isa = PBXFileReference; lastKnownFileType = folder.assetcatalog; path = "Preview Assets.xcassets"; sourceTree = "<group>"; };
		1B753FAD2CAA1DAE0018FDD8 /* MeliChallengeTests.xctest */ = {isa = PBXFileReference; explicitFileType = wrapper.cfbundle; includeInIndex = 0; path = MeliChallengeTests.xctest; sourceTree = BUILT_PRODUCTS_DIR; };
		1B753FB12CAA1DAE0018FDD8 /* MeliChallengeTests.swift */ = {isa = PBXFileReference; lastKnownFileType = sourcecode.swift; path = MeliChallengeTests.swift; sourceTree = "<group>"; };
		1B753FB72CAA1DAE0018FDD8 /* MeliChallengeUITests.xctest */ = {isa = PBXFileReference; explicitFileType = wrapper.cfbundle; includeInIndex = 0; path = MeliChallengeUITests.xctest; sourceTree = BUILT_PRODUCTS_DIR; };
		1B753FBB2CAA1DAE0018FDD8 /* MeliChallengeUITests.swift */ = {isa = PBXFileReference; lastKnownFileType = sourcecode.swift; path = MeliChallengeUITests.swift; sourceTree = "<group>"; };
		1B753FBD2CAA1DAE0018FDD8 /* MeliChallengeUITestsLaunchTests.swift */ = {isa = PBXFileReference; lastKnownFileType = sourcecode.swift; path = MeliChallengeUITestsLaunchTests.swift; sourceTree = "<group>"; };
		1B753FCA2CAA22720018FDD8 /* SearcherView.swift */ = {isa = PBXFileReference; lastKnownFileType = sourcecode.swift; path = SearcherView.swift; sourceTree = "<group>"; };
		1B753FD22CAA24C00018FDD8 /* SearcherModel.swift */ = {isa = PBXFileReference; lastKnownFileType = sourcecode.swift; path = SearcherModel.swift; sourceTree = "<group>"; };
		1B753FD92CAA44F60018FDD8 /* Request.swift */ = {isa = PBXFileReference; lastKnownFileType = sourcecode.swift; path = Request.swift; sourceTree = "<group>"; };
		1B753FDB2CAA45940018FDD8 /* SearcherHeaderView.swift */ = {isa = PBXFileReference; lastKnownFileType = sourcecode.swift; path = SearcherHeaderView.swift; sourceTree = "<group>"; };
		1B753FDE2CAA46EA0018FDD8 /* StringUtil.swift */ = {isa = PBXFileReference; lastKnownFileType = sourcecode.swift; path = StringUtil.swift; sourceTree = "<group>"; };
		1B753FE02CAA473A0018FDD8 /* ViewUtil.swift */ = {isa = PBXFileReference; lastKnownFileType = sourcecode.swift; path = ViewUtil.swift; sourceTree = "<group>"; };
		1B753FE22CAA47850018FDD8 /* TextFieldClearButton.swift */ = {isa = PBXFileReference; lastKnownFileType = sourcecode.swift; path = TextFieldClearButton.swift; sourceTree = "<group>"; };
		1B753FE42CAA480A0018FDD8 /* SearchViewModel.swift */ = {isa = PBXFileReference; lastKnownFileType = sourcecode.swift; path = SearchViewModel.swift; sourceTree = "<group>"; };
		1B753FE72CAA4A4B0018FDD8 /* Networking.swift */ = {isa = PBXFileReference; lastKnownFileType = sourcecode.swift; path = Networking.swift; sourceTree = "<group>"; };
		1B753FEA2CAA4AB90018FDD8 /* SearcherProductsUseCase.swift */ = {isa = PBXFileReference; lastKnownFileType = sourcecode.swift; path = SearcherProductsUseCase.swift; sourceTree = "<group>"; };
		1B753FEE2CAA4B1E0018FDD8 /* ProducDetailModel.swift */ = {isa = PBXFileReference; lastKnownFileType = sourcecode.swift; path = ProducDetailModel.swift; sourceTree = "<group>"; };
		1B753FF02CAA4C310018FDD8 /* ProductDescriptionModel.swift */ = {isa = PBXFileReference; lastKnownFileType = sourcecode.swift; path = ProductDescriptionModel.swift; sourceTree = "<group>"; };
		1B753FF32CAA4D640018FDD8 /* ProductDetailRepository.swift */ = {isa = PBXFileReference; lastKnownFileType = sourcecode.swift; path = ProductDetailRepository.swift; sourceTree = "<group>"; };
		1B753FF62CAA4DBE0018FDD8 /* ProducDetailUseCase.swift */ = {isa = PBXFileReference; lastKnownFileType = sourcecode.swift; path = ProducDetailUseCase.swift; sourceTree = "<group>"; };
		1B753FF92CAA4E7F0018FDD8 /* ProductDetailView.swift */ = {isa = PBXFileReference; lastKnownFileType = sourcecode.swift; path = ProductDetailView.swift; sourceTree = "<group>"; };
		1B753FFB2CAA50370018FDD8 /* ProductDetailViewModel.swift */ = {isa = PBXFileReference; lastKnownFileType = sourcecode.swift; path = ProductDetailViewModel.swift; sourceTree = "<group>"; };
		1B753FFE2CAA50A90018FDD8 /* ProductDetailRemoteDataSource.swift */ = {isa = PBXFileReference; lastKnownFileType = sourcecode.swift; path = ProductDetailRemoteDataSource.swift; sourceTree = "<group>"; };
		1B7540022CAA584F0018FDD8 /* ActivityInidicator.swift */ = {isa = PBXFileReference; lastKnownFileType = sourcecode.swift; path = ActivityInidicator.swift; sourceTree = "<group>"; };
		1B7540042CAA58740018FDD8 /* SearchProductListCellView.swift */ = {isa = PBXFileReference; lastKnownFileType = sourcecode.swift; path = SearchProductListCellView.swift; sourceTree = "<group>"; };
		1B7540092CAA5AC50018FDD8 /* SearchRepository.swift */ = {isa = PBXFileReference; lastKnownFileType = sourcecode.swift; path = SearchRepository.swift; sourceTree = "<group>"; };
/* End PBXFileReference section */

/* Begin PBXFrameworksBuildPhase section */
		1B753F9A2CAA1DAC0018FDD8 /* Frameworks */ = {
			isa = PBXFrameworksBuildPhase;
			buildActionMask = 2147483647;
			files = (
			);
			runOnlyForDeploymentPostprocessing = 0;
		};
		1B753FAA2CAA1DAE0018FDD8 /* Frameworks */ = {
			isa = PBXFrameworksBuildPhase;
			buildActionMask = 2147483647;
			files = (
			);
			runOnlyForDeploymentPostprocessing = 0;
		};
		1B753FB42CAA1DAE0018FDD8 /* Frameworks */ = {
			isa = PBXFrameworksBuildPhase;
			buildActionMask = 2147483647;
			files = (
			);
			runOnlyForDeploymentPostprocessing = 0;
		};
/* End PBXFrameworksBuildPhase section */

/* Begin PBXGroup section */
		1B04C23E2CAA5B5900C4A092 /* Data */ = {
			isa = PBXGroup;
			children = (
				1B04C23F2CAA5B6300C4A092 /* SearchProductsRemoteDataSource.swift */,
			);
			path = Data;
			sourceTree = "<group>";
		};
		1B753F942CAA1DAC0018FDD8 = {
			isa = PBXGroup;
			children = (
				1B753F9F2CAA1DAC0018FDD8 /* MeliChallenge */,
				1B753FB02CAA1DAE0018FDD8 /* MeliChallengeTests */,
				1B753FBA2CAA1DAE0018FDD8 /* MeliChallengeUITests */,
				1B753F9E2CAA1DAC0018FDD8 /* Products */,
			);
			sourceTree = "<group>";
		};
		1B753F9E2CAA1DAC0018FDD8 /* Products */ = {
			isa = PBXGroup;
			children = (
				1B753F9D2CAA1DAC0018FDD8 /* MeliChallenge.app */,
				1B753FAD2CAA1DAE0018FDD8 /* MeliChallengeTests.xctest */,
				1B753FB72CAA1DAE0018FDD8 /* MeliChallengeUITests.xctest */,
			);
			name = Products;
			sourceTree = "<group>";
		};
		1B753F9F2CAA1DAC0018FDD8 /* MeliChallenge */ = {
			isa = PBXGroup;
			children = (
				1B04C2492CAA6AC000C4A092 /* Info.plist */,
				1B7540002CAA58320018FDD8 /* Common */,
				1B753FEC2CAA4B030018FDD8 /* ProductDetail */,
				1B753FDD2CAA46300018FDD8 /* Utils */,
				1B753FD72CAA44DA0018FDD8 /* Networking */,
				1B753FCC2CAA22960018FDD8 /* Searcher */,
				1B753FA02CAA1DAC0018FDD8 /* MeliChallengeApp.swift */,
				1B753FA22CAA1DAC0018FDD8 /* ContentView.swift */,
				1B753FA42CAA1DAE0018FDD8 /* Assets.xcassets */,
				1B753FA62CAA1DAE0018FDD8 /* Preview Content */,
			);
			path = MeliChallenge;
			sourceTree = "<group>";
		};
		1B753FA62CAA1DAE0018FDD8 /* Preview Content */ = {
			isa = PBXGroup;
			children = (
				1B753FA72CAA1DAE0018FDD8 /* Preview Assets.xcassets */,
			);
			path = "Preview Content";
			sourceTree = "<group>";
		};
		1B753FB02CAA1DAE0018FDD8 /* MeliChallengeTests */ = {
			isa = PBXGroup;
			children = (
				1B753FB12CAA1DAE0018FDD8 /* MeliChallengeTests.swift */,
			);
			path = MeliChallengeTests;
			sourceTree = "<group>";
		};
		1B753FBA2CAA1DAE0018FDD8 /* MeliChallengeUITests */ = {
			isa = PBXGroup;
			children = (
				1B753FBB2CAA1DAE0018FDD8 /* MeliChallengeUITests.swift */,
				1B753FBD2CAA1DAE0018FDD8 /* MeliChallengeUITestsLaunchTests.swift */,
			);
			path = MeliChallengeUITests;
			sourceTree = "<group>";
		};
		1B753FCC2CAA22960018FDD8 /* Searcher */ = {
			isa = PBXGroup;
			children = (
				1B04C23E2CAA5B5900C4A092 /* Data */,
				1B7540082CAA5AB40018FDD8 /* Repository */,
				1B753FE92CAA4AA20018FDD8 /* UseCases */,
				1B753FD12CAA24AC0018FDD8 /* Model */,
				1B753FCD2CAA22AA0018FDD8 /* Views */,
			);
			path = Searcher;
			sourceTree = "<group>";
		};
		1B753FCD2CAA22AA0018FDD8 /* Views */ = {
			isa = PBXGroup;
			children = (
				1B753FCA2CAA22720018FDD8 /* SearcherView.swift */,
				1B753FDB2CAA45940018FDD8 /* SearcherHeaderView.swift */,
				1B753FE22CAA47850018FDD8 /* TextFieldClearButton.swift */,
				1B753FE42CAA480A0018FDD8 /* SearchViewModel.swift */,
				1B7540042CAA58740018FDD8 /* SearchProductListCellView.swift */,
			);
			path = Views;
			sourceTree = "<group>";
		};
		1B753FD12CAA24AC0018FDD8 /* Model */ = {
			isa = PBXGroup;
			children = (
				1B753FD22CAA24C00018FDD8 /* SearcherModel.swift */,
			);
			path = Model;
			sourceTree = "<group>";
		};
		1B753FD72CAA44DA0018FDD8 /* Networking */ = {
			isa = PBXGroup;
			children = (
				1B753FE62CAA4A3C0018FDD8 /* Services */,
				1B753FD82CAA44E30018FDD8 /* Requests */,
			);
			path = Networking;
			sourceTree = "<group>";
		};
		1B753FD82CAA44E30018FDD8 /* Requests */ = {
			isa = PBXGroup;
			children = (
				1B753FD92CAA44F60018FDD8 /* Request.swift */,
			);
			path = Requests;
			sourceTree = "<group>";
		};
		1B753FDD2CAA46300018FDD8 /* Utils */ = {
			isa = PBXGroup;
			children = (
				1B753FDE2CAA46EA0018FDD8 /* StringUtil.swift */,
				1B753FE02CAA473A0018FDD8 /* ViewUtil.swift */,
				1B04C2412CAA5BEC00C4A092 /* DoubleUtil.swift */,
				1B04C2432CAA5C0500C4A092 /* EncodableUtil.swift */,
				1B04C2452CAA5C1800C4A092 /* OsLogUtil.swift */,
			);
			path = Utils;
			sourceTree = "<group>";
		};
		1B753FE62CAA4A3C0018FDD8 /* Services */ = {
			isa = PBXGroup;
			children = (
				1B753FE72CAA4A4B0018FDD8 /* Networking.swift */,
			);
			path = Services;
			sourceTree = "<group>";
		};
		1B753FE92CAA4AA20018FDD8 /* UseCases */ = {
			isa = PBXGroup;
			children = (
				1B753FEA2CAA4AB90018FDD8 /* SearcherProductsUseCase.swift */,
			);
			path = UseCases;
			sourceTree = "<group>";
		};
		1B753FEC2CAA4B030018FDD8 /* ProductDetail */ = {
			isa = PBXGroup;
			children = (
				1B753FFD2CAA50A10018FDD8 /* Data */,
				1B753FF82CAA4E630018FDD8 /* Views */,
				1B753FF52CAA4DA20018FDD8 /* UseCases */,
				1B753FF22CAA4D320018FDD8 /* Repositories */,
				1B753FED2CAA4B100018FDD8 /* Models */,
			);
			path = ProductDetail;
			sourceTree = "<group>";
		};
		1B753FED2CAA4B100018FDD8 /* Models */ = {
			isa = PBXGroup;
			children = (
				1B753FEE2CAA4B1E0018FDD8 /* ProducDetailModel.swift */,
				1B753FF02CAA4C310018FDD8 /* ProductDescriptionModel.swift */,
			);
			path = Models;
			sourceTree = "<group>";
		};
		1B753FF22CAA4D320018FDD8 /* Repositories */ = {
			isa = PBXGroup;
			children = (
				1B753FF32CAA4D640018FDD8 /* ProductDetailRepository.swift */,
			);
			path = Repositories;
			sourceTree = "<group>";
		};
		1B753FF52CAA4DA20018FDD8 /* UseCases */ = {
			isa = PBXGroup;
			children = (
				1B753FF62CAA4DBE0018FDD8 /* ProducDetailUseCase.swift */,
			);
			path = UseCases;
			sourceTree = "<group>";
		};
		1B753FF82CAA4E630018FDD8 /* Views */ = {
			isa = PBXGroup;
			children = (
				1B753FF92CAA4E7F0018FDD8 /* ProductDetailView.swift */,
				1B753FFB2CAA50370018FDD8 /* ProductDetailViewModel.swift */,
			);
			path = Views;
			sourceTree = "<group>";
		};
		1B753FFD2CAA50A10018FDD8 /* Data */ = {
			isa = PBXGroup;
			children = (
				1B753FFE2CAA50A90018FDD8 /* ProductDetailRemoteDataSource.swift */,
			);
			path = Data;
			sourceTree = "<group>";
		};
		1B7540002CAA58320018FDD8 /* Common */ = {
			isa = PBXGroup;
			children = (
				1B7540012CAA583F0018FDD8 /* Views */,
			);
			path = Common;
			sourceTree = "<group>";
		};
		1B7540012CAA583F0018FDD8 /* Views */ = {
			isa = PBXGroup;
			children = (
				1B7540022CAA584F0018FDD8 /* ActivityInidicator.swift */,
				1B04C2472CAA5D0A00C4A092 /* GridView.swift */,
			);
			path = Views;
			sourceTree = "<group>";
		};
		1B7540082CAA5AB40018FDD8 /* Repository */ = {
			isa = PBXGroup;
			children = (
				1B7540092CAA5AC50018FDD8 /* SearchRepository.swift */,
			);
			path = Repository;
			sourceTree = "<group>";
		};
/* End PBXGroup section */

/* Begin PBXNativeTarget section */
		1B753F9C2CAA1DAC0018FDD8 /* MeliChallenge */ = {
			isa = PBXNativeTarget;
			buildConfigurationList = 1B753FC12CAA1DAE0018FDD8 /* Build configuration list for PBXNativeTarget "MeliChallenge" */;
			buildPhases = (
				1B753F992CAA1DAC0018FDD8 /* Sources */,
				1B753F9A2CAA1DAC0018FDD8 /* Frameworks */,
				1B753F9B2CAA1DAC0018FDD8 /* Resources */,
			);
			buildRules = (
			);
			dependencies = (
			);
			name = MeliChallenge;
			productName = MeliChallenge;
			productReference = 1B753F9D2CAA1DAC0018FDD8 /* MeliChallenge.app */;
			productType = "com.apple.product-type.application";
		};
		1B753FAC2CAA1DAE0018FDD8 /* MeliChallengeTests */ = {
			isa = PBXNativeTarget;
			buildConfigurationList = 1B753FC42CAA1DAE0018FDD8 /* Build configuration list for PBXNativeTarget "MeliChallengeTests" */;
			buildPhases = (
				1B753FA92CAA1DAE0018FDD8 /* Sources */,
				1B753FAA2CAA1DAE0018FDD8 /* Frameworks */,
				1B753FAB2CAA1DAE0018FDD8 /* Resources */,
			);
			buildRules = (
			);
			dependencies = (
				1B753FAF2CAA1DAE0018FDD8 /* PBXTargetDependency */,
			);
			name = MeliChallengeTests;
			productName = MeliChallengeTests;
			productReference = 1B753FAD2CAA1DAE0018FDD8 /* MeliChallengeTests.xctest */;
			productType = "com.apple.product-type.bundle.unit-test";
		};
		1B753FB62CAA1DAE0018FDD8 /* MeliChallengeUITests */ = {
			isa = PBXNativeTarget;
			buildConfigurationList = 1B753FC72CAA1DAE0018FDD8 /* Build configuration list for PBXNativeTarget "MeliChallengeUITests" */;
			buildPhases = (
				1B753FB32CAA1DAE0018FDD8 /* Sources */,
				1B753FB42CAA1DAE0018FDD8 /* Frameworks */,
				1B753FB52CAA1DAE0018FDD8 /* Resources */,
			);
			buildRules = (
			);
			dependencies = (
				1B753FB92CAA1DAE0018FDD8 /* PBXTargetDependency */,
			);
			name = MeliChallengeUITests;
			productName = MeliChallengeUITests;
			productReference = 1B753FB72CAA1DAE0018FDD8 /* MeliChallengeUITests.xctest */;
			productType = "com.apple.product-type.bundle.ui-testing";
		};
/* End PBXNativeTarget section */

/* Begin PBXProject section */
		1B753F952CAA1DAC0018FDD8 /* Project object */ = {
			isa = PBXProject;
			attributes = {
				BuildIndependentTargetsInParallel = 1;
				LastSwiftUpdateCheck = 1500;
				LastUpgradeCheck = 1500;
				TargetAttributes = {
					1B753F9C2CAA1DAC0018FDD8 = {
						CreatedOnToolsVersion = 15.0.1;
					};
					1B753FAC2CAA1DAE0018FDD8 = {
						CreatedOnToolsVersion = 15.0.1;
						TestTargetID = 1B753F9C2CAA1DAC0018FDD8;
					};
					1B753FB62CAA1DAE0018FDD8 = {
						CreatedOnToolsVersion = 15.0.1;
						TestTargetID = 1B753F9C2CAA1DAC0018FDD8;
					};
				};
			};
			buildConfigurationList = 1B753F982CAA1DAC0018FDD8 /* Build configuration list for PBXProject "MeliChallenge" */;
			compatibilityVersion = "Xcode 14.0";
			developmentRegion = en;
			hasScannedForEncodings = 0;
			knownRegions = (
				en,
				Base,
			);
			mainGroup = 1B753F942CAA1DAC0018FDD8;
			productRefGroup = 1B753F9E2CAA1DAC0018FDD8 /* Products */;
			projectDirPath = "";
			projectRoot = "";
			targets = (
				1B753F9C2CAA1DAC0018FDD8 /* MeliChallenge */,
				1B753FAC2CAA1DAE0018FDD8 /* MeliChallengeTests */,
				1B753FB62CAA1DAE0018FDD8 /* MeliChallengeUITests */,
			);
		};
/* End PBXProject section */

/* Begin PBXResourcesBuildPhase section */
		1B753F9B2CAA1DAC0018FDD8 /* Resources */ = {
			isa = PBXResourcesBuildPhase;
			buildActionMask = 2147483647;
			files = (
				1B753FA82CAA1DAE0018FDD8 /* Preview Assets.xcassets in Resources */,
				1B753FA52CAA1DAE0018FDD8 /* Assets.xcassets in Resources */,
			);
			runOnlyForDeploymentPostprocessing = 0;
		};
		1B753FAB2CAA1DAE0018FDD8 /* Resources */ = {
			isa = PBXResourcesBuildPhase;
			buildActionMask = 2147483647;
			files = (
			);
			runOnlyForDeploymentPostprocessing = 0;
		};
		1B753FB52CAA1DAE0018FDD8 /* Resources */ = {
			isa = PBXResourcesBuildPhase;
			buildActionMask = 2147483647;
			files = (
			);
			runOnlyForDeploymentPostprocessing = 0;
		};
/* End PBXResourcesBuildPhase section */

/* Begin PBXSourcesBuildPhase section */
		1B753F992CAA1DAC0018FDD8 /* Sources */ = {
			isa = PBXSourcesBuildPhase;
			buildActionMask = 2147483647;
			files = (
				1B753FA32CAA1DAC0018FDD8 /* ContentView.swift in Sources */,
				1B753FF72CAA4DBE0018FDD8 /* ProducDetailUseCase.swift in Sources */,
				1B753FD32CAA24C00018FDD8 /* SearcherModel.swift in Sources */,
				1B753FA12CAA1DAC0018FDD8 /* MeliChallengeApp.swift in Sources */,
				1B7540052CAA58740018FDD8 /* SearchProductListCellView.swift in Sources */,
				1B753FE82CAA4A4B0018FDD8 /* Networking.swift in Sources */,
				1B04C2462CAA5C1800C4A092 /* OsLogUtil.swift in Sources */,
				1B753FCB2CAA22720018FDD8 /* SearcherView.swift in Sources */,
				1B753FE12CAA473A0018FDD8 /* ViewUtil.swift in Sources */,
				1B753FEB2CAA4AB90018FDD8 /* SearcherProductsUseCase.swift in Sources */,
				1B04C2442CAA5C0500C4A092 /* EncodableUtil.swift in Sources */,
				1B753FDC2CAA45940018FDD8 /* SearcherHeaderView.swift in Sources */,
				1B04C2482CAA5D0A00C4A092 /* GridView.swift in Sources */,
				1B753FE52CAA480A0018FDD8 /* SearchViewModel.swift in Sources */,
				1B753FDA2CAA44F60018FDD8 /* Request.swift in Sources */,
				1B753FFC2CAA50370018FDD8 /* ProductDetailViewModel.swift in Sources */,
				1B75400A2CAA5AC50018FDD8 /* SearchRepository.swift in Sources */,
				1B753FE32CAA47850018FDD8 /* TextFieldClearButton.swift in Sources */,
				1B753FF42CAA4D640018FDD8 /* ProductDetailRepository.swift in Sources */,
				1B753FDF2CAA46EA0018FDD8 /* StringUtil.swift in Sources */,
				1B04C2402CAA5B6400C4A092 /* SearchProductsRemoteDataSource.swift in Sources */,
				1B753FF12CAA4C310018FDD8 /* ProductDescriptionModel.swift in Sources */,
				1B753FFF2CAA50A90018FDD8 /* ProductDetailRemoteDataSource.swift in Sources */,
				1B753FEF2CAA4B1E0018FDD8 /* ProducDetailModel.swift in Sources */,
				1B04C2422CAA5BEC00C4A092 /* DoubleUtil.swift in Sources */,
				1B7540032CAA584F0018FDD8 /* ActivityInidicator.swift in Sources */,
				1B753FFA2CAA4E7F0018FDD8 /* ProductDetailView.swift in Sources */,
			);
			runOnlyForDeploymentPostprocessing = 0;
		};
		1B753FA92CAA1DAE0018FDD8 /* Sources */ = {
			isa = PBXSourcesBuildPhase;
			buildActionMask = 2147483647;
			files = (
				1B753FB22CAA1DAE0018FDD8 /* MeliChallengeTests.swift in Sources */,
			);
			runOnlyForDeploymentPostprocessing = 0;
		};
		1B753FB32CAA1DAE0018FDD8 /* Sources */ = {
			isa = PBXSourcesBuildPhase;
			buildActionMask = 2147483647;
			files = (
				1B753FBC2CAA1DAE0018FDD8 /* MeliChallengeUITests.swift in Sources */,
				1B753FBE2CAA1DAE0018FDD8 /* MeliChallengeUITestsLaunchTests.swift in Sources */,
			);
			runOnlyForDeploymentPostprocessing = 0;
		};
/* End PBXSourcesBuildPhase section */

/* Begin PBXTargetDependency section */
		1B753FAF2CAA1DAE0018FDD8 /* PBXTargetDependency */ = {
			isa = PBXTargetDependency;
			target = 1B753F9C2CAA1DAC0018FDD8 /* MeliChallenge */;
			targetProxy = 1B753FAE2CAA1DAE0018FDD8 /* PBXContainerItemProxy */;
		};
		1B753FB92CAA1DAE0018FDD8 /* PBXTargetDependency */ = {
			isa = PBXTargetDependency;
			target = 1B753F9C2CAA1DAC0018FDD8 /* MeliChallenge */;
			targetProxy = 1B753FB82CAA1DAE0018FDD8 /* PBXContainerItemProxy */;
		};
/* End PBXTargetDependency section */

/* Begin XCBuildConfiguration section */
		1B753FBF2CAA1DAE0018FDD8 /* Debug */ = {
			isa = XCBuildConfiguration;
			buildSettings = {
				ALWAYS_SEARCH_USER_PATHS = NO;
				ASSETCATALOG_COMPILER_GENERATE_SWIFT_ASSET_SYMBOL_EXTENSIONS = YES;
				CLANG_ANALYZER_NONNULL = YES;
				CLANG_ANALYZER_NUMBER_OBJECT_CONVERSION = YES_AGGRESSIVE;
				CLANG_CXX_LANGUAGE_STANDARD = "gnu++20";
				CLANG_ENABLE_MODULES = YES;
				CLANG_ENABLE_OBJC_ARC = YES;
				CLANG_ENABLE_OBJC_WEAK = YES;
				CLANG_WARN_BLOCK_CAPTURE_AUTORELEASING = YES;
				CLANG_WARN_BOOL_CONVERSION = YES;
				CLANG_WARN_COMMA = YES;
				CLANG_WARN_CONSTANT_CONVERSION = YES;
				CLANG_WARN_DEPRECATED_OBJC_IMPLEMENTATIONS = YES;
				CLANG_WARN_DIRECT_OBJC_ISA_USAGE = YES_ERROR;
				CLANG_WARN_DOCUMENTATION_COMMENTS = YES;
				CLANG_WARN_EMPTY_BODY = YES;
				CLANG_WARN_ENUM_CONVERSION = YES;
				CLANG_WARN_INFINITE_RECURSION = YES;
				CLANG_WARN_INT_CONVERSION = YES;
				CLANG_WARN_NON_LITERAL_NULL_CONVERSION = YES;
				CLANG_WARN_OBJC_IMPLICIT_RETAIN_SELF = YES;
				CLANG_WARN_OBJC_LITERAL_CONVERSION = YES;
				CLANG_WARN_OBJC_ROOT_CLASS = YES_ERROR;
				CLANG_WARN_QUOTED_INCLUDE_IN_FRAMEWORK_HEADER = YES;
				CLANG_WARN_RANGE_LOOP_ANALYSIS = YES;
				CLANG_WARN_STRICT_PROTOTYPES = YES;
				CLANG_WARN_SUSPICIOUS_MOVE = YES;
				CLANG_WARN_UNGUARDED_AVAILABILITY = YES_AGGRESSIVE;
				CLANG_WARN_UNREACHABLE_CODE = YES;
				CLANG_WARN__DUPLICATE_METHOD_MATCH = YES;
				COPY_PHASE_STRIP = NO;
				DEBUG_INFORMATION_FORMAT = dwarf;
				ENABLE_STRICT_OBJC_MSGSEND = YES;
				ENABLE_TESTABILITY = YES;
				ENABLE_USER_SCRIPT_SANDBOXING = YES;
				GCC_C_LANGUAGE_STANDARD = gnu17;
				GCC_DYNAMIC_NO_PIC = NO;
				GCC_NO_COMMON_BLOCKS = YES;
				GCC_OPTIMIZATION_LEVEL = 0;
				GCC_PREPROCESSOR_DEFINITIONS = (
					"DEBUG=1",
					"$(inherited)",
				);
				GCC_WARN_64_TO_32_BIT_CONVERSION = YES;
				GCC_WARN_ABOUT_RETURN_TYPE = YES_ERROR;
				GCC_WARN_UNDECLARED_SELECTOR = YES;
				GCC_WARN_UNINITIALIZED_AUTOS = YES_AGGRESSIVE;
				GCC_WARN_UNUSED_FUNCTION = YES;
				GCC_WARN_UNUSED_VARIABLE = YES;
				IPHONEOS_DEPLOYMENT_TARGET = 17.0;
				LOCALIZATION_PREFERS_STRING_CATALOGS = YES;
				MTL_ENABLE_DEBUG_INFO = INCLUDE_SOURCE;
				MTL_FAST_MATH = YES;
				ONLY_ACTIVE_ARCH = YES;
				SDKROOT = iphoneos;
				SWIFT_ACTIVE_COMPILATION_CONDITIONS = "DEBUG $(inherited)";
				SWIFT_OPTIMIZATION_LEVEL = "-Onone";
			};
			name = Debug;
		};
		1B753FC02CAA1DAE0018FDD8 /* Release */ = {
			isa = XCBuildConfiguration;
			buildSettings = {
				ALWAYS_SEARCH_USER_PATHS = NO;
				ASSETCATALOG_COMPILER_GENERATE_SWIFT_ASSET_SYMBOL_EXTENSIONS = YES;
				CLANG_ANALYZER_NONNULL = YES;
				CLANG_ANALYZER_NUMBER_OBJECT_CONVERSION = YES_AGGRESSIVE;
				CLANG_CXX_LANGUAGE_STANDARD = "gnu++20";
				CLANG_ENABLE_MODULES = YES;
				CLANG_ENABLE_OBJC_ARC = YES;
				CLANG_ENABLE_OBJC_WEAK = YES;
				CLANG_WARN_BLOCK_CAPTURE_AUTORELEASING = YES;
				CLANG_WARN_BOOL_CONVERSION = YES;
				CLANG_WARN_COMMA = YES;
				CLANG_WARN_CONSTANT_CONVERSION = YES;
				CLANG_WARN_DEPRECATED_OBJC_IMPLEMENTATIONS = YES;
				CLANG_WARN_DIRECT_OBJC_ISA_USAGE = YES_ERROR;
				CLANG_WARN_DOCUMENTATION_COMMENTS = YES;
				CLANG_WARN_EMPTY_BODY = YES;
				CLANG_WARN_ENUM_CONVERSION = YES;
				CLANG_WARN_INFINITE_RECURSION = YES;
				CLANG_WARN_INT_CONVERSION = YES;
				CLANG_WARN_NON_LITERAL_NULL_CONVERSION = YES;
				CLANG_WARN_OBJC_IMPLICIT_RETAIN_SELF = YES;
				CLANG_WARN_OBJC_LITERAL_CONVERSION = YES;
				CLANG_WARN_OBJC_ROOT_CLASS = YES_ERROR;
				CLANG_WARN_QUOTED_INCLUDE_IN_FRAMEWORK_HEADER = YES;
				CLANG_WARN_RANGE_LOOP_ANALYSIS = YES;
				CLANG_WARN_STRICT_PROTOTYPES = YES;
				CLANG_WARN_SUSPICIOUS_MOVE = YES;
				CLANG_WARN_UNGUARDED_AVAILABILITY = YES_AGGRESSIVE;
				CLANG_WARN_UNREACHABLE_CODE = YES;
				CLANG_WARN__DUPLICATE_METHOD_MATCH = YES;
				COPY_PHASE_STRIP = NO;
				DEBUG_INFORMATION_FORMAT = "dwarf-with-dsym";
				ENABLE_NS_ASSERTIONS = NO;
				ENABLE_STRICT_OBJC_MSGSEND = YES;
				ENABLE_USER_SCRIPT_SANDBOXING = YES;
				GCC_C_LANGUAGE_STANDARD = gnu17;
				GCC_NO_COMMON_BLOCKS = YES;
				GCC_WARN_64_TO_32_BIT_CONVERSION = YES;
				GCC_WARN_ABOUT_RETURN_TYPE = YES_ERROR;
				GCC_WARN_UNDECLARED_SELECTOR = YES;
				GCC_WARN_UNINITIALIZED_AUTOS = YES_AGGRESSIVE;
				GCC_WARN_UNUSED_FUNCTION = YES;
				GCC_WARN_UNUSED_VARIABLE = YES;
				IPHONEOS_DEPLOYMENT_TARGET = 17.0;
				LOCALIZATION_PREFERS_STRING_CATALOGS = YES;
				MTL_ENABLE_DEBUG_INFO = NO;
				MTL_FAST_MATH = YES;
				SDKROOT = iphoneos;
				SWIFT_COMPILATION_MODE = wholemodule;
				VALIDATE_PRODUCT = YES;
			};
			name = Release;
		};
		1B753FC22CAA1DAE0018FDD8 /* Debug */ = {
			isa = XCBuildConfiguration;
			buildSettings = {
				ASSETCATALOG_COMPILER_APPICON_NAME = AppIcon;
				ASSETCATALOG_COMPILER_GLOBAL_ACCENT_COLOR_NAME = AccentColor;
				CODE_SIGN_STYLE = Automatic;
				CURRENT_PROJECT_VERSION = 1;
				DEVELOPMENT_ASSET_PATHS = "\"MeliChallenge/Preview Content\"";
				ENABLE_PREVIEWS = YES;
				GENERATE_INFOPLIST_FILE = YES;
				INFOPLIST_FILE = MeliChallenge/Info.plist;
				INFOPLIST_KEY_UIApplicationSceneManifest_Generation = YES;
				INFOPLIST_KEY_UIApplicationSupportsIndirectInputEvents = YES;
				INFOPLIST_KEY_UILaunchScreen_Generation = YES;
				INFOPLIST_KEY_UISupportedInterfaceOrientations_iPad = "UIInterfaceOrientationPortrait UIInterfaceOrientationPortraitUpsideDown UIInterfaceOrientationLandscapeLeft UIInterfaceOrientationLandscapeRight";
				INFOPLIST_KEY_UISupportedInterfaceOrientations_iPhone = "UIInterfaceOrientationPortrait UIInterfaceOrientationLandscapeLeft UIInterfaceOrientationLandscapeRight";
				LD_RUNPATH_SEARCH_PATHS = (
					"$(inherited)",
					"@executable_path/Frameworks",
				);
				MARKETING_VERSION = 1.0;
				PRODUCT_BUNDLE_IDENTIFIER = com.MeliChallenge;
				PRODUCT_NAME = "$(TARGET_NAME)";
				SWIFT_EMIT_LOC_STRINGS = YES;
				SWIFT_VERSION = 5.0;
				TARGETED_DEVICE_FAMILY = "1,2";
			};
			name = Debug;
		};
		1B753FC32CAA1DAE0018FDD8 /* Release */ = {
			isa = XCBuildConfiguration;
			buildSettings = {
				ASSETCATALOG_COMPILER_APPICON_NAME = AppIcon;
				ASSETCATALOG_COMPILER_GLOBAL_ACCENT_COLOR_NAME = AccentColor;
				CODE_SIGN_STYLE = Automatic;
				CURRENT_PROJECT_VERSION = 1;
				DEVELOPMENT_ASSET_PATHS = "\"MeliChallenge/Preview Content\"";
				ENABLE_PREVIEWS = YES;
				GENERATE_INFOPLIST_FILE = YES;
				INFOPLIST_FILE = MeliChallenge/Info.plist;
				INFOPLIST_KEY_UIApplicationSceneManifest_Generation = YES;
				INFOPLIST_KEY_UIApplicationSupportsIndirectInputEvents = YES;
				INFOPLIST_KEY_UILaunchScreen_Generation = YES;
				INFOPLIST_KEY_UISupportedInterfaceOrientations_iPad = "UIInterfaceOrientationPortrait UIInterfaceOrientationPortraitUpsideDown UIInterfaceOrientationLandscapeLeft UIInterfaceOrientationLandscapeRight";
				INFOPLIST_KEY_UISupportedInterfaceOrientations_iPhone = "UIInterfaceOrientationPortrait UIInterfaceOrientationLandscapeLeft UIInterfaceOrientationLandscapeRight";
				LD_RUNPATH_SEARCH_PATHS = (
					"$(inherited)",
					"@executable_path/Frameworks",
				);
				MARKETING_VERSION = 1.0;
				PRODUCT_BUNDLE_IDENTIFIER = com.MeliChallenge;
				PRODUCT_NAME = "$(TARGET_NAME)";
				SWIFT_EMIT_LOC_STRINGS = YES;
				SWIFT_VERSION = 5.0;
				TARGETED_DEVICE_FAMILY = "1,2";
			};
			name = Release;
		};
		1B753FC52CAA1DAE0018FDD8 /* Debug */ = {
			isa = XCBuildConfiguration;
			buildSettings = {
				ALWAYS_EMBED_SWIFT_STANDARD_LIBRARIES = YES;
				BUNDLE_LOADER = "$(TEST_HOST)";
				CODE_SIGN_STYLE = Automatic;
				CURRENT_PROJECT_VERSION = 1;
				GENERATE_INFOPLIST_FILE = YES;
				IPHONEOS_DEPLOYMENT_TARGET = 17.0;
				MARKETING_VERSION = 1.0;
				PRODUCT_BUNDLE_IDENTIFIER = com.MeliChallengeTests;
				PRODUCT_NAME = "$(TARGET_NAME)";
				SWIFT_EMIT_LOC_STRINGS = NO;
				SWIFT_VERSION = 5.0;
				TARGETED_DEVICE_FAMILY = "1,2";
				TEST_HOST = "$(BUILT_PRODUCTS_DIR)/MeliChallenge.app/$(BUNDLE_EXECUTABLE_FOLDER_PATH)/MeliChallenge";
			};
			name = Debug;
		};
		1B753FC62CAA1DAE0018FDD8 /* Release */ = {
			isa = XCBuildConfiguration;
			buildSettings = {
				ALWAYS_EMBED_SWIFT_STANDARD_LIBRARIES = YES;
				BUNDLE_LOADER = "$(TEST_HOST)";
				CODE_SIGN_STYLE = Automatic;
				CURRENT_PROJECT_VERSION = 1;
				GENERATE_INFOPLIST_FILE = YES;
				IPHONEOS_DEPLOYMENT_TARGET = 17.0;
				MARKETING_VERSION = 1.0;
				PRODUCT_BUNDLE_IDENTIFIER = com.MeliChallengeTests;
				PRODUCT_NAME = "$(TARGET_NAME)";
				SWIFT_EMIT_LOC_STRINGS = NO;
				SWIFT_VERSION = 5.0;
				TARGETED_DEVICE_FAMILY = "1,2";
				TEST_HOST = "$(BUILT_PRODUCTS_DIR)/MeliChallenge.app/$(BUNDLE_EXECUTABLE_FOLDER_PATH)/MeliChallenge";
			};
			name = Release;
		};
		1B753FC82CAA1DAE0018FDD8 /* Debug */ = {
			isa = XCBuildConfiguration;
			buildSettings = {
				ALWAYS_EMBED_SWIFT_STANDARD_LIBRARIES = YES;
				CODE_SIGN_STYLE = Automatic;
				CURRENT_PROJECT_VERSION = 1;
				GENERATE_INFOPLIST_FILE = YES;
				MARKETING_VERSION = 1.0;
				PRODUCT_BUNDLE_IDENTIFIER = com.MeliChallengeUITests;
				PRODUCT_NAME = "$(TARGET_NAME)";
				SWIFT_EMIT_LOC_STRINGS = NO;
				SWIFT_VERSION = 5.0;
				TARGETED_DEVICE_FAMILY = "1,2";
				TEST_TARGET_NAME = MeliChallenge;
			};
			name = Debug;
		};
		1B753FC92CAA1DAE0018FDD8 /* Release */ = {
			isa = XCBuildConfiguration;
			buildSettings = {
				ALWAYS_EMBED_SWIFT_STANDARD_LIBRARIES = YES;
				CODE_SIGN_STYLE = Automatic;
				CURRENT_PROJECT_VERSION = 1;
				GENERATE_INFOPLIST_FILE = YES;
				MARKETING_VERSION = 1.0;
				PRODUCT_BUNDLE_IDENTIFIER = com.MeliChallengeUITests;
				PRODUCT_NAME = "$(TARGET_NAME)";
				SWIFT_EMIT_LOC_STRINGS = NO;
				SWIFT_VERSION = 5.0;
				TARGETED_DEVICE_FAMILY = "1,2";
				TEST_TARGET_NAME = MeliChallenge;
			};
			name = Release;
		};
/* End XCBuildConfiguration section */

/* Begin XCConfigurationList section */
		1B753F982CAA1DAC0018FDD8 /* Build configuration list for PBXProject "MeliChallenge" */ = {
			isa = XCConfigurationList;
			buildConfigurations = (
				1B753FBF2CAA1DAE0018FDD8 /* Debug */,
				1B753FC02CAA1DAE0018FDD8 /* Release */,
			);
			defaultConfigurationIsVisible = 0;
			defaultConfigurationName = Release;
		};
		1B753FC12CAA1DAE0018FDD8 /* Build configuration list for PBXNativeTarget "MeliChallenge" */ = {
			isa = XCConfigurationList;
			buildConfigurations = (
				1B753FC22CAA1DAE0018FDD8 /* Debug */,
				1B753FC32CAA1DAE0018FDD8 /* Release */,
			);
			defaultConfigurationIsVisible = 0;
			defaultConfigurationName = Release;
		};
		1B753FC42CAA1DAE0018FDD8 /* Build configuration list for PBXNativeTarget "MeliChallengeTests" */ = {
			isa = XCConfigurationList;
			buildConfigurations = (
				1B753FC52CAA1DAE0018FDD8 /* Debug */,
				1B753FC62CAA1DAE0018FDD8 /* Release */,
			);
			defaultConfigurationIsVisible = 0;
			defaultConfigurationName = Release;
		};
		1B753FC72CAA1DAE0018FDD8 /* Build configuration list for PBXNativeTarget "MeliChallengeUITests" */ = {
			isa = XCConfigurationList;
			buildConfigurations = (
				1B753FC82CAA1DAE0018FDD8 /* Debug */,
				1B753FC92CAA1DAE0018FDD8 /* Release */,
			);
			defaultConfigurationIsVisible = 0;
			defaultConfigurationName = Release;
		};
/* End XCConfigurationList section */
	};
	rootObject = 1B753F952CAA1DAC0018FDD8 /* Project object */;
}
